
Microsoft Visual Studio Solution File, Format Version 12.00
# Visual Studio 15
VisualStudioVersion = 15.0.27703.2026
MinimumVisualStudioVersion = 10.0.40219.1
Project("{9A19103F-16F7-4668-BE54-9A1E7A4F7556}") = "MainWebSite", "MainWebSite\MainWebSite.csproj", "{6ABB7A74-A149-4A51-9D41-D2E0A894E23E}"
EndProject
Project("{9A19103F-16F7-4668-BE54-9A1E7A4F7556}") = "HelperClasses", "HelperClasses\HelperClasses.csproj", "{B3587D19-BF28-4851-B521-EE3A6FEC7431}"
EndProject
Project("{9A19103F-16F7-4668-BE54-9A1E7A4F7556}") = "DatabaseClasses", "DatabaseClasses\DatabaseClasses.csproj", "{93096FF0-7462-4F7A-90F3-6A90BE842C2F}"
EndProject
Project("{FAE04EC0-301F-11D3-BF4B-00C04F79EFBC}") = "UpdateWorker", "UpdateWorker\UpdateWorker.csproj", "{D3539B23-DFA9-4AB9-809C-01785E18A699}"
EndProject
Global
	GlobalSection(SolutionConfigurationPlatforms) = preSolution
		Debug|Any CPU = Debug|Any CPU
		Release|Any CPU = Release|Any CPU
	EndGlobalSection
	GlobalSection(ProjectConfigurationPlatforms) = postSolution
		{6ABB7A74-A149-4A51-9D41-D2E0A894E23E}.Debug|Any CPU.ActiveCfg = Debug|Any CPU
		{6ABB7A74-A149-4A51-9D41-D2E0A894E23E}.Debug|Any CPU.Build.0 = Debug|Any CPU
		{6ABB7A74-A149-4A51-9D41-D2E0A894E23E}.Release|Any CPU.ActiveCfg = Release|Any CPU
		{6ABB7A74-A149-4A51-9D41-D2E0A894E23E}.Release|Any CPU.Build.0 = Release|Any CPU
		{B3587D19-BF28-4851-B521-EE3A6FEC7431}.Debug|Any CPU.ActiveCfg = Debug|Any CPU
		{B3587D19-BF28-4851-B521-EE3A6FEC7431}.Debug|Any CPU.Build.0 = Debug|Any CPU
		{B3587D19-BF28-4851-B521-EE3A6FEC7431}.Release|Any CPU.ActiveCfg = Release|Any CPU
		{B3587D19-BF28-4851-B521-EE3A6FEC7431}.Release|Any CPU.Build.0 = Release|Any CPU
		{93096FF0-7462-4F7A-90F3-6A90BE842C2F}.Debug|Any CPU.ActiveCfg = Debug|Any CPU
		{93096FF0-7462-4F7A-90F3-6A90BE842C2F}.Debug|Any CPU.Build.0 = Debug|Any CPU
		{93096FF0-7462-4F7A-90F3-6A90BE842C2F}.Release|Any CPU.ActiveCfg = Release|Any CPU
		{93096FF0-7462-4F7A-90F3-6A90BE842C2F}.Release|Any CPU.Build.0 = Release|Any CPU
		{D3539B23-DFA9-4AB9-809C-01785E18A699}.Debug|Any CPU.ActiveCfg = Debug|Any CPU
		{D3539B23-DFA9-4AB9-809C-01785E18A699}.Debug|Any CPU.Build.0 = Debug|Any CPU
		{D3539B23-DFA9-4AB9-809C-01785E18A699}.Release|Any CPU.ActiveCfg = Release|Any CPU
		{D3539B23-DFA9-4AB9-809C-01785E18A699}.Release|Any CPU.Build.0 = Release|Any CPU
	EndGlobalSection
	GlobalSection(SolutionProperties) = preSolution
		HideSolutionNode = FALSE
	EndGlobalSection
	GlobalSection(ExtensibilityGlobals) = postSolution
		SolutionGuid = {F4CE68A8-47CF-471E-B30A-E9133D836297}
	EndGlobalSection
EndGlobal
